// !$*UTF8*$!
{
	archiveVersion = 1;
	classes = {
	};
	objectVersion = 50;
	objects = {

/* Begin PBXBuildFile section */
		6E08CF1E219AAD3A0064DB52 /* container.jpg in Resources */ = {isa = PBXBuildFile; fileRef = 6E08CF1D219AAD3A0064DB52 /* container.jpg */; };
		6E08CF20219AC5290064DB52 /* awesomeface.png in Resources */ = {isa = PBXBuildFile; fileRef = 6E08CF1F219AC5280064DB52 /* awesomeface.png */; };
		6E08CF22219AC7AC0064DB52 /* grid.png in Resources */ = {isa = PBXBuildFile; fileRef = 6E08CF21219AC7AC0064DB52 /* grid.png */; };
		6E82CE7621956D29001ACBC5 /* AppDelegate.m in Sources */ = {isa = PBXBuildFile; fileRef = 6E82CE7521956D29001ACBC5 /* AppDelegate.m */; };
		6E82CE7921956D29001ACBC5 /* ViewController.m in Sources */ = {isa = PBXBuildFile; fileRef = 6E82CE7821956D29001ACBC5 /* ViewController.m */; };
		6E82CE7C21956D29001ACBC5 /* Main.storyboard in Resources */ = {isa = PBXBuildFile; fileRef = 6E82CE7A21956D29001ACBC5 /* Main.storyboard */; };
		6E82CE7E21956D2B001ACBC5 /* Assets.xcassets in Resources */ = {isa = PBXBuildFile; fileRef = 6E82CE7D21956D2B001ACBC5 /* Assets.xcassets */; };
		6E82CE8121956D2B001ACBC5 /* LaunchScreen.storyboard in Resources */ = {isa = PBXBuildFile; fileRef = 6E82CE7F21956D2B001ACBC5 /* LaunchScreen.storyboard */; };
		6E82CE8421956D2B001ACBC5 /* main.m in Sources */ = {isa = PBXBuildFile; fileRef = 6E82CE8321956D2B001ACBC5 /* main.m */; };
		6E82CE8F21956DE3001ACBC5 /* OpenGLES.framework in Frameworks */ = {isa = PBXBuildFile; fileRef = 6E82CE8E21956DE3001ACBC5 /* OpenGLES.framework */; };
		6E91058921966C490059FD73 /* PERGLView.m in Sources */ = {isa = PBXBuildFile; fileRef = 6E91058821966C490059FD73 /* PERGLView.m */; };
		6E91059821968B490059FD73 /* PERShader.m in Sources */ = {isa = PBXBuildFile; fileRef = 6E91059421968B490059FD73 /* PERShader.m */; };
		6E91059921968B490059FD73 /* SimpleVertex.glsl in Resources */ = {isa = PBXBuildFile; fileRef = 6E91059521968B490059FD73 /* SimpleVertex.glsl */; };
		6E91059A21968B490059FD73 /* SimpleFragment.glsl in Resources */ = {isa = PBXBuildFile; fileRef = 6E91059721968B490059FD73 /* SimpleFragment.glsl */; };
/* End PBXBuildFile section */

/* Begin PBXFileReference section */
		6E08CF1D219AAD3A0064DB52 /* container.jpg */ = {isa = PBXFileReference; lastKnownFileType = image.jpeg; path = container.jpg; sourceTree = "<group>"; };
		6E08CF1F219AC5280064DB52 /* awesomeface.png */ = {isa = PBXFileReference; lastKnownFileType = image.png; path = awesomeface.png; sourceTree = "<group>"; };
		6E08CF21219AC7AC0064DB52 /* grid.png */ = {isa = PBXFileReference; lastKnownFileType = image.png; path = grid.png; sourceTree = "<group>"; };
		6E82CE7121956D29001ACBC5 /* OpneGLES-01.app */ = {isa = PBXFileReference; explicitFileType = wrapper.application; includeInIndex = 0; path = "OpneGLES-01.app"; sourceTree = BUILT_PRODUCTS_DIR; };
		6E82CE7421956D29001ACBC5 /* AppDelegate.h */ = {isa = PBXFileReference; lastKnownFileType = sourcecode.c.h; path = AppDelegate.h; sourceTree = "<group>"; };
		6E82CE7521956D29001ACBC5 /* AppDelegate.m */ = {isa = PBXFileReference; lastKnownFileType = sourcecode.c.objc; path = AppDelegate.m; sourceTree = "<group>"; };
		6E82CE7721956D29001ACBC5 /* ViewController.h */ = {isa = PBXFileReference; lastKnownFileType = sourcecode.c.h; path = ViewController.h; sourceTree = "<group>"; };
		6E82CE7821956D29001ACBC5 /* ViewController.m */ = {isa = PBXFileReference; lastKnownFileType = sourcecode.c.objc; path = ViewController.m; sourceTree = "<group>"; };
		6E82CE7B21956D29001ACBC5 /* Base */ = {isa = PBXFileReference; lastKnownFileType = file.storyboard; name = Base; path = Base.lproj/Main.storyboard; sourceTree = "<group>"; };
		6E82CE7D21956D2B001ACBC5 /* Assets.xcassets */ = {isa = PBXFileReference; lastKnownFileType = folder.assetcatalog; path = Assets.xcassets; sourceTree = "<group>"; };
		6E82CE8021956D2B001ACBC5 /* Base */ = {isa = PBXFileReference; lastKnownFileType = file.storyboard; name = Base; path = Base.lproj/LaunchScreen.storyboard; sourceTree = "<group>"; };
		6E82CE8221956D2B001ACBC5 /* Info.plist */ = {isa = PBXFileReference; lastKnownFileType = text.plist.xml; path = Info.plist; sourceTree = "<group>"; };
		6E82CE8321956D2B001ACBC5 /* main.m */ = {isa = PBXFileReference; lastKnownFileType = sourcecode.c.objc; path = main.m; sourceTree = "<group>"; };
		6E82CE8E21956DE3001ACBC5 /* OpenGLES.framework */ = {isa = PBXFileReference; lastKnownFileType = wrapper.framework; name = OpenGLES.framework; path = System/Library/Frameworks/OpenGLES.framework; sourceTree = SDKROOT; };
		6E91058721966C490059FD73 /* PERGLView.h */ = {isa = PBXFileReference; lastKnownFileType = sourcecode.c.h; path = PERGLView.h; sourceTree = "<group>"; };
		6E91058821966C490059FD73 /* PERGLView.m */ = {isa = PBXFileReference; lastKnownFileType = sourcecode.c.objc; path = PERGLView.m; sourceTree = "<group>"; };
		6E91059421968B490059FD73 /* PERShader.m */ = {isa = PBXFileReference; fileEncoding = 4; lastKnownFileType = sourcecode.c.objc; path = PERShader.m; sourceTree = "<group>"; };
		6E91059521968B490059FD73 /* SimpleVertex.glsl */ = {isa = PBXFileReference; fileEncoding = 4; lastKnownFileType = text; path = SimpleVertex.glsl; sourceTree = "<group>"; };
		6E91059621968B490059FD73 /* PERShader.h */ = {isa = PBXFileReference; fileEncoding = 4; lastKnownFileType = sourcecode.c.h; path = PERShader.h; sourceTree = "<group>"; };
		6E91059721968B490059FD73 /* SimpleFragment.glsl */ = {isa = PBXFileReference; fileEncoding = 4; lastKnownFileType = text; path = SimpleFragment.glsl; sourceTree = "<group>"; };
/* End PBXFileReference section */

/* Begin PBXFrameworksBuildPhase section */
		6E82CE6E21956D29001ACBC5 /* Frameworks */ = {
			isa = PBXFrameworksBuildPhase;
			buildActionMask = 2147483647;
			files = (
				6E82CE8F21956DE3001ACBC5 /* OpenGLES.framework in Frameworks */,
			);
			runOnlyForDeploymentPostprocessing = 0;
		};
/* End PBXFrameworksBuildPhase section */

/* Begin PBXGroup section */
		6E82CE6821956D28001ACBC5 = {
			isa = PBXGroup;
			children = (
				6E82CE7321956D29001ACBC5 /* OpneGLES-01 */,
				6E82CE7221956D29001ACBC5 /* Products */,
				6E82CE8D21956DE3001ACBC5 /* Frameworks */,
			);
			sourceTree = "<group>";
		};
		6E82CE7221956D29001ACBC5 /* Products */ = {
			isa = PBXGroup;
			children = (
				6E82CE7121956D29001ACBC5 /* OpneGLES-01.app */,
			);
			name = Products;
			sourceTree = "<group>";
		};
		6E82CE7321956D29001ACBC5 /* OpneGLES-01 */ = {
			isa = PBXGroup;
			children = (
				6E82CE7421956D29001ACBC5 /* AppDelegate.h */,
				6E82CE7521956D29001ACBC5 /* AppDelegate.m */,
				6E82CE7721956D29001ACBC5 /* ViewController.h */,
				6E82CE7821956D29001ACBC5 /* ViewController.m */,
				6E82CE7A21956D29001ACBC5 /* Main.storyboard */,
				6E82CE7D21956D2B001ACBC5 /* Assets.xcassets */,
				6E82CE7F21956D2B001ACBC5 /* LaunchScreen.storyboard */,
				6E82CE8221956D2B001ACBC5 /* Info.plist */,
				6E82CE8321956D2B001ACBC5 /* main.m */,
				6E91058721966C490059FD73 /* PERGLView.h */,
				6E91058821966C490059FD73 /* PERGLView.m */,
				6E91059621968B490059FD73 /* PERShader.h */,
				6E91059421968B490059FD73 /* PERShader.m */,
				6E91059721968B490059FD73 /* SimpleFragment.glsl */,
				6E91059521968B490059FD73 /* SimpleVertex.glsl */,
				6E08CF1D219AAD3A0064DB52 /* container.jpg */,
				6E08CF1F219AC5280064DB52 /* awesomeface.png */,
				6E08CF21219AC7AC0064DB52 /* grid.png */,
			);
			path = "OpneGLES-01";
			sourceTree = "<group>";
		};
		6E82CE8D21956DE3001ACBC5 /* Frameworks */ = {
			isa = PBXGroup;
			children = (
				6E82CE8E21956DE3001ACBC5 /* OpenGLES.framework */,
			);
			name = Frameworks;
			sourceTree = "<group>";
		};
/* End PBXGroup section */

/* Begin PBXNativeTarget section */
		6E82CE7021956D29001ACBC5 /* OpneGLES-01 */ = {
			isa = PBXNativeTarget;
			buildConfigurationList = 6E82CE8721956D2B001ACBC5 /* Build configuration list for PBXNativeTarget "OpneGLES-01" */;
			buildPhases = (
				6E82CE6D21956D29001ACBC5 /* Sources */,
				6E82CE6E21956D29001ACBC5 /* Frameworks */,
				6E82CE6F21956D29001ACBC5 /* Resources */,
			);
			buildRules = (
			);
			dependencies = (
			);
			name = "OpneGLES-01";
			productName = "OpneGLES-01";
			productReference = 6E82CE7121956D29001ACBC5 /* OpneGLES-01.app */;
			productType = "com.apple.product-type.application";
		};
/* End PBXNativeTarget section */

/* Begin PBXProject section */
		6E82CE6921956D28001ACBC5 /* Project object */ = {
			isa = PBXProject;
			attributes = {
				LastUpgradeCheck = 1010;
				ORGANIZATIONNAME = yaoyingtao;
				TargetAttributes = {
					6E82CE7021956D29001ACBC5 = {
						CreatedOnToolsVersion = 10.1;
					};
				};
			};
			buildConfigurationList = 6E82CE6C21956D28001ACBC5 /* Build configuration list for PBXProject "OpneGLES-01" */;
			compatibilityVersion = "Xcode 9.3";
			developmentRegion = en;
			hasScannedForEncodings = 0;
			knownRegions = (
				en,
				Base,
			);
			mainGroup = 6E82CE6821956D28001ACBC5;
			productRefGroup = 6E82CE7221956D29001ACBC5 /* Products */;
			projectDirPath = "";
			projectRoot = "";
			targets = (
				6E82CE7021956D29001ACBC5 /* OpneGLES-01 */,
			);
		};
/* End PBXProject section */

/* Begin PBXResourcesBuildPhase section */
		6E82CE6F21956D29001ACBC5 /* Resources */ = {
			isa = PBXResourcesBuildPhase;
			buildActionMask = 2147483647;
			files = (
				6E82CE8121956D2B001ACBC5 /* LaunchScreen.storyboard in Resources */,
				6E08CF22219AC7AC0064DB52 /* grid.png in Resources */,
				6E08CF1E219AAD3A0064DB52 /* container.jpg in Resources */,
				6E91059921968B490059FD73 /* SimpleVertex.glsl in Resources */,
				6E82CE7E21956D2B001ACBC5 /* Assets.xcassets in Resources */,
				6E82CE7C21956D29001ACBC5 /* Main.storyboard in Resources */,
				6E91059A21968B490059FD73 /* SimpleFragment.glsl in Resources */,
				6E08CF20219AC5290064DB52 /* awesomeface.png in Resources */,
			);
			runOnlyForDeploymentPostprocessing = 0;
		};
/* End PBXResourcesBuildPhase section */

/* Begin PBXSourcesBuildPhase section */
		6E82CE6D21956D29001ACBC5 /* Sources */ = {
			isa = PBXSourcesBuildPhase;
			buildActionMask = 2147483647;
			files = (
				6E91059821968B490059FD73 /* PERShader.m in Sources */,
				6E82CE7921956D29001ACBC5 /* ViewController.m in Sources */,
				6E82CE8421956D2B001ACBC5 /* main.m in Sources */,
				6E82CE7621956D29001ACBC5 /* AppDelegate.m in Sources */,
				6E91058921966C490059FD73 /* PERGLView.m in Sources */,
			);
			runOnlyForDeploymentPostprocessing = 0;
		};
/* End PBXSourcesBuildPhase section */

/* Begin PBXVariantGroup section */
		6E82CE7A21956D29001ACBC5 /* Main.storyboard */ = {
			isa = PBXVariantGroup;
			children = (
				6E82CE7B21956D29001ACBC5 /* Base */,
			);
			name = Main.storyboard;
			sourceTree = "<group>";
		};
		6E82CE7F21956D2B001ACBC5 /* LaunchScreen.storyboard */ = {
			isa = PBXVariantGroup;
			children = (
				6E82CE8021956D2B001ACBC5 /* Base */,
			);
			name = LaunchScreen.storyboard;
			sourceTree = "<group>";
		};
/* End PBXVariantGroup section */

/* Begin XCBuildConfiguration section */
		6E82CE8521956D2B001ACBC5 /* Debug */ = {
			isa = XCBuildConfiguration;
			buildSettings = {
				ALWAYS_SEARCH_USER_PATHS = NO;
				CLANG_ANALYZER_NONNULL = YES;
				CLANG_ANALYZER_NUMBER_OBJECT_CONVERSION = YES_AGGRESSIVE;
				CLANG_CXX_LANGUAGE_STANDARD = "gnu++14";
				CLANG_CXX_LIBRARY = "libc++";
				CLANG_ENABLE_MODULES = YES;
				CLANG_ENABLE_OBJC_ARC = YES;
				CLANG_ENABLE_OBJC_WEAK = YES;
				CLANG_WARN_BLOCK_CAPTURE_AUTORELEASING = YES;
				CLANG_WARN_BOOL_CONVERSION = YES;
				CLANG_WARN_COMMA = YES;
				CLANG_WARN_CONSTANT_CONVERSION = YES;
				CLANG_WARN_DEPRECATED_OBJC_IMPLEMENTATIONS = YES;
				CLANG_WARN_DIRECT_OBJC_ISA_USAGE = YES_ERROR;
				CLANG_WARN_DOCUMENTATION_COMMENTS = YES;
				CLANG_WARN_EMPTY_BODY = YES;
				CLANG_WARN_ENUM_CONVERSION = YES;
				CLANG_WARN_INFINITE_RECURSION = YES;
				CLANG_WARN_INT_CONVERSION = YES;
				CLANG_WARN_NON_LITERAL_NULL_CONVERSION = YES;
				CLANG_WARN_OBJC_IMPLICIT_RETAIN_SELF = YES;
				CLANG_WARN_OBJC_LITERAL_CONVERSION = YES;
				CLANG_WARN_OBJC_ROOT_CLASS = YES_ERROR;
				CLANG_WARN_RANGE_LOOP_ANALYSIS = YES;
				CLANG_WARN_STRICT_PROTOTYPES = YES;
				CLANG_WARN_SUSPICIOUS_MOVE = YES;
				CLANG_WARN_UNGUARDED_AVAILABILITY = YES_AGGRESSIVE;
				CLANG_WARN_UNREACHABLE_CODE = YES;
				CLANG_WARN__DUPLICATE_METHOD_MATCH = YES;
				CODE_SIGN_IDENTITY = "iPhone Developer";
				COPY_PHASE_STRIP = NO;
				DEBUG_INFORMATION_FORMAT = dwarf;
				ENABLE_STRICT_OBJC_MSGSEND = YES;
				ENABLE_TESTABILITY = YES;
				GCC_C_LANGUAGE_STANDARD = gnu11;
				GCC_DYNAMIC_NO_PIC = NO;
				GCC_NO_COMMON_BLOCKS = YES;
				GCC_OPTIMIZATION_LEVEL = 0;
				GCC_PREPROCESSOR_DEFINITIONS = (
					"DEBUG=1",
					"$(inherited)",
				);
				GCC_WARN_64_TO_32_BIT_CONVERSION = YES;
				GCC_WARN_ABOUT_RETURN_TYPE = YES_ERROR;
				GCC_WARN_UNDECLARED_SELECTOR = YES;
				GCC_WARN_UNINITIALIZED_AUTOS = YES_AGGRESSIVE;
				GCC_WARN_UNUSED_FUNCTION = YES;
				GCC_WARN_UNUSED_VARIABLE = YES;
				IPHONEOS_DEPLOYMENT_TARGET = 12.1;
				MTL_ENABLE_DEBUG_INFO = INCLUDE_SOURCE;
				MTL_FAST_MATH = YES;
				ONLY_ACTIVE_ARCH = YES;
				SDKROOT = iphoneos;
			};
			name = Debug;
		};
		6E82CE8621956D2B001ACBC5 /* Release */ = {
			isa = XCBuildConfiguration;
			buildSettings = {
				ALWAYS_SEARCH_USER_PATHS = NO;
				CLANG_ANALYZER_NONNULL = YES;
				CLANG_ANALYZER_NUMBER_OBJECT_CONVERSION = YES_AGGRESSIVE;
				CLANG_CXX_LANGUAGE_STANDARD = "gnu++14";
				CLANG_CXX_LIBRARY = "libc++";
				CLANG_ENABLE_MODULES = YES;
				CLANG_ENABLE_OBJC_ARC = YES;
				CLANG_ENABLE_OBJC_WEAK = YES;
				CLANG_WARN_BLOCK_CAPTURE_AUTORELEASING = YES;
				CLANG_WARN_BOOL_CONVERSION = YES;
				CLANG_WARN_COMMA = YES;
				CLANG_WARN_CONSTANT_CONVERSION = YES;
				CLANG_WARN_DEPRECATED_OBJC_IMPLEMENTATIONS = YES;
				CLANG_WARN_DIRECT_OBJC_ISA_USAGE = YES_ERROR;
				CLANG_WARN_DOCUMENTATION_COMMENTS = YES;
				CLANG_WARN_EMPTY_BODY = YES;
				CLANG_WARN_ENUM_CONVERSION = YES;
				CLANG_WARN_INFINITE_RECURSION = YES;
				CLANG_WARN_INT_CONVERSION = YES;
				CLANG_WARN_NON_LITERAL_NULL_CONVERSION = YES;
				CLANG_WARN_OBJC_IMPLICIT_RETAIN_SELF = YES;
				CLANG_WARN_OBJC_LITERAL_CONVERSION = YES;
				CLANG_WARN_OBJC_ROOT_CLASS = YES_ERROR;
				CLANG_WARN_RANGE_LOOP_ANALYSIS = YES;
				CLANG_WARN_STRICT_PROTOTYPES = YES;
				CLANG_WARN_SUSPICIOUS_MOVE = YES;
				CLANG_WARN_UNGUARDED_AVAILABILITY = YES_AGGRESSIVE;
				CLANG_WARN_UNREACHABLE_CODE = YES;
				CLANG_WARN__DUPLICATE_METHOD_MATCH = YES;
				CODE_SIGN_IDENTITY = "iPhone Developer";
				COPY_PHASE_STRIP = NO;
				DEBUG_INFORMATION_FORMAT = "dwarf-with-dsym";
				ENABLE_NS_ASSERTIONS = NO;
				ENABLE_STRICT_OBJC_MSGSEND = YES;
				GCC_C_LANGUAGE_STANDARD = gnu11;
				GCC_NO_COMMON_BLOCKS = YES;
				GCC_WARN_64_TO_32_BIT_CONVERSION = YES;
				GCC_WARN_ABOUT_RETURN_TYPE = YES_ERROR;
				GCC_WARN_UNDECLARED_SELECTOR = YES;
				GCC_WARN_UNINITIALIZED_AUTOS = YES_AGGRESSIVE;
				GCC_WARN_UNUSED_FUNCTION = YES;
				GCC_WARN_UNUSED_VARIABLE = YES;
				IPHONEOS_DEPLOYMENT_TARGET = 12.1;
				MTL_ENABLE_DEBUG_INFO = NO;
				MTL_FAST_MATH = YES;
				SDKROOT = iphoneos;
				VALIDATE_PRODUCT = YES;
			};
			name = Release;
		};
		6E82CE8821956D2B001ACBC5 /* Debug */ = {
			isa = XCBuildConfiguration;
			buildSettings = {
				ASSETCATALOG_COMPILER_APPICON_NAME = AppIcon;
				CODE_SIGN_STYLE = Automatic;
				INFOPLIST_FILE = "OpneGLES-01/Info.plist";
				IPHONEOS_DEPLOYMENT_TARGET = 9.0;
				LD_RUNPATH_SEARCH_PATHS = (
					"$(inherited)",
					"@executable_path/Frameworks",
				);
				PRODUCT_BUNDLE_IDENTIFIER = "com.cmcm.OpneGLES-01";
				PRODUCT_NAME = "$(TARGET_NAME)";
				TARGETED_DEVICE_FAMILY = "1,2";
			};
			name = Debug;
		};
		6E82CE8921956D2B001ACBC5 /* Release */ = {
			isa = XCBuildConfiguration;
			buildSettings = {
				ASSETCATALOG_COMPILER_APPICON_NAME = AppIcon;
				CODE_SIGN_STYLE = Automatic;
				INFOPLIST_FILE = "OpneGLES-01/Info.plist";
				IPHONEOS_DEPLOYMENT_TARGET = 9.0;
				LD_RUNPATH_SEARCH_PATHS = (
					"$(inherited)",
					"@executable_path/Frameworks",
				);
				PRODUCT_BUNDLE_IDENTIFIER = "com.cmcm.OpneGLES-01";
				PRODUCT_NAME = "$(TARGET_NAME)";
				TARGETED_DEVICE_FAMILY = "1,2";
			};
			name = Release;
		};
/* End XCBuildConfiguration section */

/* Begin XCConfigurationList section */
		6E82CE6C21956D28001ACBC5 /* Build configuration list for PBXProject "OpneGLES-01" */ = {
			isa = XCConfigurationList;
			buildConfigurations = (
				6E82CE8521956D2B001ACBC5 /* Debug */,
				6E82CE8621956D2B001ACBC5 /* Release */,
			);
			defaultConfigurationIsVisible = 0;
			defaultConfigurationName = Release;
		};
		6E82CE8721956D2B001ACBC5 /* Build configuration list for PBXNativeTarget "OpneGLES-01" */ = {
			isa = XCConfigurationList;
			buildConfigurations = (
				6E82CE8821956D2B001ACBC5 /* Debug */,
				6E82CE8921956D2B001ACBC5 /* Release */,
			);
			defaultConfigurationIsVisible = 0;
			defaultConfigurationName = Release;
		};
/* End XCConfigurationList section */
	};
	rootObject = 6E82CE6921956D28001ACBC5 /* Project object */;
}
